// !$*UTF8*$!
{
	archiveVersion = 1;
	classes = {
	};
	objectVersion = 50;
	objects = {

/* Begin PBXBuildFile section */
		A24D760D23319BEC00ACC574 /* GuitarViewController.swift in Sources */ = {isa = PBXBuildFile; fileRef = A24D760C23319BEC00ACC574 /* GuitarViewController.swift */; };
		A24D761A2331A6FF00ACC574 /* guitar2.mp3 in Resources */ = {isa = PBXBuildFile; fileRef = A24D76162331A6FE00ACC574 /* guitar2.mp3 */; };
		A24D761B2331A6FF00ACC574 /* guitar3.mp3 in Resources */ = {isa = PBXBuildFile; fileRef = A24D76172331A6FE00ACC574 /* guitar3.mp3 */; };
		A24D761C2331A6FF00ACC574 /* guitar0.mp3 in Resources */ = {isa = PBXBuildFile; fileRef = A24D76182331A6FF00ACC574 /* guitar0.mp3 */; };
		A24D761D2331A6FF00ACC574 /* guitar1.mp3 in Resources */ = {isa = PBXBuildFile; fileRef = A24D76192331A6FF00ACC574 /* guitar1.mp3 */; };
		A24D761F2331BC6F00ACC574 /* BagpipeViewController.swift in Sources */ = {isa = PBXBuildFile; fileRef = A24D761E2331BC6F00ACC574 /* BagpipeViewController.swift */; };
		A24D76242331BEAA00ACC574 /* bagpipe0.mp3 in Resources */ = {isa = PBXBuildFile; fileRef = A24D76202331BEAA00ACC574 /* bagpipe0.mp3 */; };
		A24D76252331BEAA00ACC574 /* bagpipe1.mp3 in Resources */ = {isa = PBXBuildFile; fileRef = A24D76212331BEAA00ACC574 /* bagpipe1.mp3 */; };
		A24D762A2331C16500ACC574 /* bagpipe2.mp3 in Resources */ = {isa = PBXBuildFile; fileRef = A24D76282331C16400ACC574 /* bagpipe2.mp3 */; };
		A24D762B2331C16500ACC574 /* bagpipe3.mp3 in Resources */ = {isa = PBXBuildFile; fileRef = A24D76292331C16500ACC574 /* bagpipe3.mp3 */; };
		A24D762D2331E1E000ACC574 /* Assets.xcassets in Resources */ = {isa = PBXBuildFile; fileRef = A24D762C2331E1DF00ACC574 /* Assets.xcassets */; };
		A2586A9823307BAE0074EC13 /* PianoViewController.swift in Sources */ = {isa = PBXBuildFile; fileRef = A2586A9723307BAE0074EC13 /* PianoViewController.swift */; };
		A2586A9A2330B3130074EC13 /* Assets.xcassets in Resources */ = {isa = PBXBuildFile; fileRef = A2586A992330B3130074EC13 /* Assets.xcassets */; };
		A2586A9E2330C9B90074EC13 /* violin0.mp3 in Resources */ = {isa = PBXBuildFile; fileRef = A2586A9D2330C9B90074EC13 /* violin0.mp3 */; };
		A2586AA32330CBEC0074EC13 /* piano2.mp3 in Resources */ = {isa = PBXBuildFile; fileRef = A2586A9F2330CBEC0074EC13 /* piano2.mp3 */; };
		A2586AA42330CBEC0074EC13 /* piano1.mp3 in Resources */ = {isa = PBXBuildFile; fileRef = A2586AA02330CBEC0074EC13 /* piano1.mp3 */; };
		A2586AA52330CBEC0074EC13 /* piano3.mp3 in Resources */ = {isa = PBXBuildFile; fileRef = A2586AA12330CBEC0074EC13 /* piano3.mp3 */; };
		A2586AA62330CBEC0074EC13 /* piano0.mp3 in Resources */ = {isa = PBXBuildFile; fileRef = A2586AA22330CBEC0074EC13 /* piano0.mp3 */; };
		A2586AA82330E1140074EC13 /* MainViewController.swift in Sources */ = {isa = PBXBuildFile; fileRef = A2586AA72330E1140074EC13 /* MainViewController.swift */; };
		A2586AAA2330E47E0074EC13 /* LuteViewController.swift in Sources */ = {isa = PBXBuildFile; fileRef = A2586AA92330E47E0074EC13 /* LuteViewController.swift */; };
		A2586AAF2330E6720074EC13 /* lute1.mp3 in Resources */ = {isa = PBXBuildFile; fileRef = A2586AAB2330E6720074EC13 /* lute1.mp3 */; };
		A2586AB02330E6720074EC13 /* lute2.mp3 in Resources */ = {isa = PBXBuildFile; fileRef = A2586AAC2330E6720074EC13 /* lute2.mp3 */; };
		A2586AB12330E6720074EC13 /* lute0.mp3 in Resources */ = {isa = PBXBuildFile; fileRef = A2586AAD2330E6720074EC13 /* lute0.mp3 */; };
		A2586AB22330E6720074EC13 /* lute3.mp3 in Resources */ = {isa = PBXBuildFile; fileRef = A2586AAE2330E6720074EC13 /* lute3.mp3 */; };
		A2CD0406232C688900DC500C /* AppDelegate.swift in Sources */ = {isa = PBXBuildFile; fileRef = A2CD0405232C688900DC500C /* AppDelegate.swift */; };
		A2CD0408232C688900DC500C /* ViolinViewController.swift in Sources */ = {isa = PBXBuildFile; fileRef = A2CD0407232C688900DC500C /* ViolinViewController.swift */; };
		A2CD040B232C688900DC500C /* Main.storyboard in Resources */ = {isa = PBXBuildFile; fileRef = A2CD0409232C688900DC500C /* Main.storyboard */; };
		A2CD0410232C689D00DC500C /* LaunchScreen.storyboard in Resources */ = {isa = PBXBuildFile; fileRef = A2CD040E232C689D00DC500C /* LaunchScreen.storyboard */; };
		A2CD041D232CC84900DC500C /* violin2.mp3 in Resources */ = {isa = PBXBuildFile; fileRef = A2CD041A232CC84900DC500C /* violin2.mp3 */; };
		A2CD041E232CC84900DC500C /* violin3.mp3 in Resources */ = {isa = PBXBuildFile; fileRef = A2CD041B232CC84900DC500C /* violin3.mp3 */; };
		A2CD041F232CC84900DC500C /* violin1.mp3 in Resources */ = {isa = PBXBuildFile; fileRef = A2CD041C232CC84900DC500C /* violin1.mp3 */; };
		A2CD0421232CD2DD00DC500C /* PlayAudio.swift in Sources */ = {isa = PBXBuildFile; fileRef = A2CD0420232CD2DD00DC500C /* PlayAudio.swift */; };
/* End PBXBuildFile section */

/* Begin PBXFileReference section */
		A24D760C23319BEC00ACC574 /* GuitarViewController.swift */ = {isa = PBXFileReference; lastKnownFileType = sourcecode.swift; path = GuitarViewController.swift; sourceTree = "<group>"; };
		A24D76162331A6FE00ACC574 /* guitar2.mp3 */ = {isa = PBXFileReference; lastKnownFileType = audio.mp3; path = guitar2.mp3; sourceTree = "<group>"; };
		A24D76172331A6FE00ACC574 /* guitar3.mp3 */ = {isa = PBXFileReference; lastKnownFileType = audio.mp3; path = guitar3.mp3; sourceTree = "<group>"; };
		A24D76182331A6FF00ACC574 /* guitar0.mp3 */ = {isa = PBXFileReference; lastKnownFileType = audio.mp3; path = guitar0.mp3; sourceTree = "<group>"; };
		A24D76192331A6FF00ACC574 /* guitar1.mp3 */ = {isa = PBXFileReference; lastKnownFileType = audio.mp3; path = guitar1.mp3; sourceTree = "<group>"; };
		A24D761E2331BC6F00ACC574 /* BagpipeViewController.swift */ = {isa = PBXFileReference; lastKnownFileType = sourcecode.swift; path = BagpipeViewController.swift; sourceTree = "<group>"; };
		A24D76202331BEAA00ACC574 /* bagpipe0.mp3 */ = {isa = PBXFileReference; lastKnownFileType = audio.mp3; path = bagpipe0.mp3; sourceTree = "<group>"; };
		A24D76212331BEAA00ACC574 /* bagpipe1.mp3 */ = {isa = PBXFileReference; lastKnownFileType = audio.mp3; path = bagpipe1.mp3; sourceTree = "<group>"; };
		A24D76282331C16400ACC574 /* bagpipe2.mp3 */ = {isa = PBXFileReference; lastKnownFileType = audio.mp3; path = bagpipe2.mp3; sourceTree = "<group>"; };
		A24D76292331C16500ACC574 /* bagpipe3.mp3 */ = {isa = PBXFileReference; lastKnownFileType = audio.mp3; path = bagpipe3.mp3; sourceTree = "<group>"; };
		A24D762C2331E1DF00ACC574 /* Assets.xcassets */ = {isa = PBXFileReference; lastKnownFileType = folder.assetcatalog; path = Assets.xcassets; sourceTree = "<group>"; };
		A2586A9723307BAE0074EC13 /* PianoViewController.swift */ = {isa = PBXFileReference; lastKnownFileType = sourcecode.swift; path = PianoViewController.swift; sourceTree = "<group>"; };
		A2586A992330B3130074EC13 /* Assets.xcassets */ = {isa = PBXFileReference; lastKnownFileType = folder.assetcatalog; name = Assets.xcassets; path = ../../../../../../../../../.Trash/Assets.xcassets; sourceTree = "<group>"; };
		A2586A9D2330C9B90074EC13 /* violin0.mp3 */ = {isa = PBXFileReference; lastKnownFileType = audio.mp3; path = violin0.mp3; sourceTree = "<group>"; };
		A2586A9F2330CBEC0074EC13 /* piano2.mp3 */ = {isa = PBXFileReference; lastKnownFileType = audio.mp3; path = piano2.mp3; sourceTree = "<group>"; };
		A2586AA02330CBEC0074EC13 /* piano1.mp3 */ = {isa = PBXFileReference; lastKnownFileType = audio.mp3; path = piano1.mp3; sourceTree = "<group>"; };
		A2586AA12330CBEC0074EC13 /* piano3.mp3 */ = {isa = PBXFileReference; lastKnownFileType = audio.mp3; path = piano3.mp3; sourceTree = "<group>"; };
		A2586AA22330CBEC0074EC13 /* piano0.mp3 */ = {isa = PBXFileReference; lastKnownFileType = audio.mp3; path = piano0.mp3; sourceTree = "<group>"; };
		A2586AA72330E1140074EC13 /* MainViewController.swift */ = {isa = PBXFileReference; lastKnownFileType = sourcecode.swift; path = MainViewController.swift; sourceTree = "<group>"; };
		A2586AA92330E47E0074EC13 /* LuteViewController.swift */ = {isa = PBXFileReference; lastKnownFileType = sourcecode.swift; path = LuteViewController.swift; sourceTree = "<group>"; };
		A2586AAB2330E6720074EC13 /* lute1.mp3 */ = {isa = PBXFileReference; lastKnownFileType = audio.mp3; path = lute1.mp3; sourceTree = "<group>"; };
		A2586AAC2330E6720074EC13 /* lute2.mp3 */ = {isa = PBXFileReference; lastKnownFileType = audio.mp3; path = lute2.mp3; sourceTree = "<group>"; };
		A2586AAD2330E6720074EC13 /* lute0.mp3 */ = {isa = PBXFileReference; lastKnownFileType = audio.mp3; path = lute0.mp3; sourceTree = "<group>"; };
		A2586AAE2330E6720074EC13 /* lute3.mp3 */ = {isa = PBXFileReference; lastKnownFileType = audio.mp3; path = lute3.mp3; sourceTree = "<group>"; };
		A2CD0402232C688900DC500C /* SoundEffects.app */ = {isa = PBXFileReference; explicitFileType = wrapper.application; includeInIndex = 0; path = SoundEffects.app; sourceTree = BUILT_PRODUCTS_DIR; };
		A2CD0405232C688900DC500C /* AppDelegate.swift */ = {isa = PBXFileReference; lastKnownFileType = sourcecode.swift; path = AppDelegate.swift; sourceTree = "<group>"; };
		A2CD0407232C688900DC500C /* ViolinViewController.swift */ = {isa = PBXFileReference; lastKnownFileType = sourcecode.swift; path = ViolinViewController.swift; sourceTree = "<group>"; };
		A2CD040A232C688900DC500C /* Base */ = {isa = PBXFileReference; lastKnownFileType = file.storyboard; name = Base; path = Base.lproj/Main.storyboard; sourceTree = "<group>"; };
		A2CD040F232C689D00DC500C /* Base */ = {isa = PBXFileReference; lastKnownFileType = file.storyboard; name = Base; path = Base.lproj/LaunchScreen.storyboard; sourceTree = "<group>"; };
		A2CD0411232C689D00DC500C /* Info.plist */ = {isa = PBXFileReference; lastKnownFileType = text.plist.xml; path = Info.plist; sourceTree = "<group>"; };
		A2CD041A232CC84900DC500C /* violin2.mp3 */ = {isa = PBXFileReference; lastKnownFileType = audio.mp3; path = violin2.mp3; sourceTree = "<group>"; };
		A2CD041B232CC84900DC500C /* violin3.mp3 */ = {isa = PBXFileReference; lastKnownFileType = audio.mp3; path = violin3.mp3; sourceTree = "<group>"; };
		A2CD041C232CC84900DC500C /* violin1.mp3 */ = {isa = PBXFileReference; lastKnownFileType = audio.mp3; path = violin1.mp3; sourceTree = "<group>"; };
		A2CD0420232CD2DD00DC500C /* PlayAudio.swift */ = {isa = PBXFileReference; lastKnownFileType = sourcecode.swift; path = PlayAudio.swift; sourceTree = "<group>"; };
/* End PBXFileReference section */

/* Begin PBXFrameworksBuildPhase section */
		A2CD03FF232C688900DC500C /* Frameworks */ = {
			isa = PBXFrameworksBuildPhase;
			buildActionMask = 2147483647;
			files = (
			);
			runOnlyForDeploymentPostprocessing = 0;
		};
/* End PBXFrameworksBuildPhase section */

/* Begin PBXGroup section */
		A2CD03F9232C688900DC500C = {
			isa = PBXGroup;
			children = (
				A2CD0404232C688900DC500C /* SoundEffects */,
				A2CD0403232C688900DC500C /* Products */,
			);
			sourceTree = "<group>";
		};
		A2CD0403232C688900DC500C /* Products */ = {
			isa = PBXGroup;
			children = (
				A2CD0402232C688900DC500C /* SoundEffects.app */,
			);
			name = Products;
			sourceTree = "<group>";
		};
		A2CD0404232C688900DC500C /* SoundEffects */ = {
			isa = PBXGroup;
			children = (
				A24D762C2331E1DF00ACC574 /* Assets.xcassets */,
				A2CD0417232CAEFD00DC500C /* Sounds */,
				A2CD0405232C688900DC500C /* AppDelegate.swift */,
				A2CD0407232C688900DC500C /* ViolinViewController.swift */,
				A24D760C23319BEC00ACC574 /* GuitarViewController.swift */,
				A2586AA72330E1140074EC13 /* MainViewController.swift */,
				A2CD0420232CD2DD00DC500C /* PlayAudio.swift */,
				A2586A9723307BAE0074EC13 /* PianoViewController.swift */,
				A2586AA92330E47E0074EC13 /* LuteViewController.swift */,
				A24D761E2331BC6F00ACC574 /* BagpipeViewController.swift */,
				A2586A992330B3130074EC13 /* Assets.xcassets */,
				A2CD0409232C688900DC500C /* Main.storyboard */,
				A2CD040E232C689D00DC500C /* LaunchScreen.storyboard */,
				A2CD0411232C689D00DC500C /* Info.plist */,
			);
			path = SoundEffects;
			sourceTree = "<group>";
		};
		A2CD0417232CAEFD00DC500C /* Sounds */ = {
			isa = PBXGroup;
			children = (
				A24D76282331C16400ACC574 /* bagpipe2.mp3 */,
				A24D76292331C16500ACC574 /* bagpipe3.mp3 */,
				A24D76202331BEAA00ACC574 /* bagpipe0.mp3 */,
				A24D76212331BEAA00ACC574 /* bagpipe1.mp3 */,
				A24D76182331A6FF00ACC574 /* guitar0.mp3 */,
				A24D76192331A6FF00ACC574 /* guitar1.mp3 */,
				A24D76162331A6FE00ACC574 /* guitar2.mp3 */,
				A24D76172331A6FE00ACC574 /* guitar3.mp3 */,
				A2586AAD2330E6720074EC13 /* lute0.mp3 */,
				A2586AAB2330E6720074EC13 /* lute1.mp3 */,
				A2586AAC2330E6720074EC13 /* lute2.mp3 */,
				A2586AAE2330E6720074EC13 /* lute3.mp3 */,
				A2586AA22330CBEC0074EC13 /* piano0.mp3 */,
				A2586AA02330CBEC0074EC13 /* piano1.mp3 */,
				A2586A9F2330CBEC0074EC13 /* piano2.mp3 */,
				A2586AA12330CBEC0074EC13 /* piano3.mp3 */,
				A2586A9D2330C9B90074EC13 /* violin0.mp3 */,
				A2CD041C232CC84900DC500C /* violin1.mp3 */,
				A2CD041A232CC84900DC500C /* violin2.mp3 */,
				A2CD041B232CC84900DC500C /* violin3.mp3 */,
			);
			path = Sounds;
			sourceTree = "<group>";
		};
/* End PBXGroup section */

/* Begin PBXNativeTarget section */
		A2CD0401232C688900DC500C /* SoundEffects */ = {
			isa = PBXNativeTarget;
			buildConfigurationList = A2CD0414232C689D00DC500C /* Build configuration list for PBXNativeTarget "SoundEffects" */;
			buildPhases = (
				A2CD03FE232C688900DC500C /* Sources */,
				A2CD03FF232C688900DC500C /* Frameworks */,
				A2CD0400232C688900DC500C /* Resources */,
			);
			buildRules = (
			);
			dependencies = (
			);
			name = SoundEffects;
			productName = SoundEffects;
			productReference = A2CD0402232C688900DC500C /* SoundEffects.app */;
			productType = "com.apple.product-type.application";
		};
/* End PBXNativeTarget section */

/* Begin PBXProject section */
		A2CD03FA232C688900DC500C /* Project object */ = {
			isa = PBXProject;
			attributes = {
				LastSwiftUpdateCheck = 1030;
				LastUpgradeCheck = 1030;
				ORGANIZATIONNAME = Chunli;
				TargetAttributes = {
					A2CD0401232C688900DC500C = {
						CreatedOnToolsVersion = 10.3;
					};
				};
			};
			buildConfigurationList = A2CD03FD232C688900DC500C /* Build configuration list for PBXProject "SoundEffects" */;
			compatibilityVersion = "Xcode 9.3";
			developmentRegion = en;
			hasScannedForEncodings = 0;
			knownRegions = (
				en,
				Base,
			);
			mainGroup = A2CD03F9232C688900DC500C;
			productRefGroup = A2CD0403232C688900DC500C /* Products */;
			projectDirPath = "";
			projectRoot = "";
			targets = (
				A2CD0401232C688900DC500C /* SoundEffects */,
			);
		};
/* End PBXProject section */

/* Begin PBXResourcesBuildPhase section */
		A2CD0400232C688900DC500C /* Resources */ = {
			isa = PBXResourcesBuildPhase;
			buildActionMask = 2147483647;
			files = (
				A24D761D2331A6FF00ACC574 /* guitar1.mp3 in Resources */,
				A2586AA52330CBEC0074EC13 /* piano3.mp3 in Resources */,
				A24D762A2331C16500ACC574 /* bagpipe2.mp3 in Resources */,
				A2586AB12330E6720074EC13 /* lute0.mp3 in Resources */,
				A24D761B2331A6FF00ACC574 /* guitar3.mp3 in Resources */,
				A2586AA62330CBEC0074EC13 /* piano0.mp3 in Resources */,
				A2586AA42330CBEC0074EC13 /* piano1.mp3 in Resources */,
				A2586AB22330E6720074EC13 /* lute3.mp3 in Resources */,
				A2CD0410232C689D00DC500C /* LaunchScreen.storyboard in Resources */,
				A24D761C2331A6FF00ACC574 /* guitar0.mp3 in Resources */,
				A2586AA32330CBEC0074EC13 /* piano2.mp3 in Resources */,
				A24D761A2331A6FF00ACC574 /* guitar2.mp3 in Resources */,
				A2CD041E232CC84900DC500C /* violin3.mp3 in Resources */,
				A24D76252331BEAA00ACC574 /* bagpipe1.mp3 in Resources */,
				A2CD041F232CC84900DC500C /* violin1.mp3 in Resources */,
				A2CD041D232CC84900DC500C /* violin2.mp3 in Resources */,
				A24D76242331BEAA00ACC574 /* bagpipe0.mp3 in Resources */,
				A2586A9A2330B3130074EC13 /* Assets.xcassets in Resources */,
				A2CD040B232C688900DC500C /* Main.storyboard in Resources */,
				A2586AAF2330E6720074EC13 /* lute1.mp3 in Resources */,
				A2586AB02330E6720074EC13 /* lute2.mp3 in Resources */,
				A24D762B2331C16500ACC574 /* bagpipe3.mp3 in Resources */,
				A24D762D2331E1E000ACC574 /* Assets.xcassets in Resources */,
				A2586A9E2330C9B90074EC13 /* violin0.mp3 in Resources */,
			);
			runOnlyForDeploymentPostprocessing = 0;
		};
/* End PBXResourcesBuildPhase section */

/* Begin PBXSourcesBuildPhase section */
		A2CD03FE232C688900DC500C /* Sources */ = {
			isa = PBXSourcesBuildPhase;
			buildActionMask = 2147483647;
			files = (
				A2586AA82330E1140074EC13 /* MainViewController.swift in Sources */,
				A2CD0408232C688900DC500C /* ViolinViewController.swift in Sources */,
				A2CD0421232CD2DD00DC500C /* PlayAudio.swift in Sources */,
				A24D760D23319BEC00ACC574 /* GuitarViewController.swift in Sources */,
				A2586A9823307BAE0074EC13 /* PianoViewController.swift in Sources */,
				A24D761F2331BC6F00ACC574 /* BagpipeViewController.swift in Sources */,
				A2586AAA2330E47E0074EC13 /* LuteViewController.swift in Sources */,
				A2CD0406232C688900DC500C /* AppDelegate.swift in Sources */,
			);
			runOnlyForDeploymentPostprocessing = 0;
		};
/* End PBXSourcesBuildPhase section */

/* Begin PBXVariantGroup section */
		A2CD0409232C688900DC500C /* Main.storyboard */ = {
			isa = PBXVariantGroup;
			children = (
				A2CD040A232C688900DC500C /* Base */,
			);
			name = Main.storyboard;
			sourceTree = "<group>";
		};
		A2CD040E232C689D00DC500C /* LaunchScreen.storyboard */ = {
			isa = PBXVariantGroup;
			children = (
				A2CD040F232C689D00DC500C /* Base */,
			);
			name = LaunchScreen.storyboard;
			sourceTree = "<group>";
		};
/* End PBXVariantGroup section */

/* Begin XCBuildConfiguration section */
		A2CD0412232C689D00DC500C /* Debug */ = {
			isa = XCBuildConfiguration;
			buildSettings = {
				ALWAYS_SEARCH_USER_PATHS = NO;
				CLANG_ANALYZER_NONNULL = YES;
				CLANG_ANALYZER_NUMBER_OBJECT_CONVERSION = YES_AGGRESSIVE;
				CLANG_CXX_LANGUAGE_STANDARD = "gnu++14";
				CLANG_CXX_LIBRARY = "libc++";
				CLANG_ENABLE_MODULES = YES;
				CLANG_ENABLE_OBJC_ARC = YES;
				CLANG_ENABLE_OBJC_WEAK = YES;
				CLANG_WARN_BLOCK_CAPTURE_AUTORELEASING = YES;
				CLANG_WARN_BOOL_CONVERSION = YES;
				CLANG_WARN_COMMA = YES;
				CLANG_WARN_CONSTANT_CONVERSION = YES;
				CLANG_WARN_DEPRECATED_OBJC_IMPLEMENTATIONS = YES;
				CLANG_WARN_DIRECT_OBJC_ISA_USAGE = YES_ERROR;
				CLANG_WARN_DOCUMENTATION_COMMENTS = YES;
				CLANG_WARN_EMPTY_BODY = YES;
				CLANG_WARN_ENUM_CONVERSION = YES;
				CLANG_WARN_INFINITE_RECURSION = YES;
				CLANG_WARN_INT_CONVERSION = YES;
				CLANG_WARN_NON_LITERAL_NULL_CONVERSION = YES;
				CLANG_WARN_OBJC_IMPLICIT_RETAIN_SELF = YES;
				CLANG_WARN_OBJC_LITERAL_CONVERSION = YES;
				CLANG_WARN_OBJC_ROOT_CLASS = YES_ERROR;
				CLANG_WARN_RANGE_LOOP_ANALYSIS = YES;
				CLANG_WARN_STRICT_PROTOTYPES = YES;
				CLANG_WARN_SUSPICIOUS_MOVE = YES;
				CLANG_WARN_UNGUARDED_AVAILABILITY = YES_AGGRESSIVE;
				CLANG_WARN_UNREACHABLE_CODE = YES;
				CLANG_WARN__DUPLICATE_METHOD_MATCH = YES;
				CODE_SIGN_IDENTITY = "iPhone Developer";
				COPY_PHASE_STRIP = NO;
				DEBUG_INFORMATION_FORMAT = dwarf;
				ENABLE_STRICT_OBJC_MSGSEND = YES;
				ENABLE_TESTABILITY = YES;
				GCC_C_LANGUAGE_STANDARD = gnu11;
				GCC_DYNAMIC_NO_PIC = NO;
				GCC_NO_COMMON_BLOCKS = YES;
				GCC_OPTIMIZATION_LEVEL = 0;
				GCC_PREPROCESSOR_DEFINITIONS = (
					"DEBUG=1",
					"$(inherited)",
				);
				GCC_WARN_64_TO_32_BIT_CONVERSION = YES;
				GCC_WARN_ABOUT_RETURN_TYPE = YES_ERROR;
				GCC_WARN_UNDECLARED_SELECTOR = YES;
				GCC_WARN_UNINITIALIZED_AUTOS = YES_AGGRESSIVE;
				GCC_WARN_UNUSED_FUNCTION = YES;
				GCC_WARN_UNUSED_VARIABLE = YES;
				IPHONEOS_DEPLOYMENT_TARGET = 12.4;
				MTL_ENABLE_DEBUG_INFO = INCLUDE_SOURCE;
				MTL_FAST_MATH = YES;
				ONLY_ACTIVE_ARCH = YES;
				SDKROOT = iphoneos;
				SWIFT_ACTIVE_COMPILATION_CONDITIONS = DEBUG;
				SWIFT_OPTIMIZATION_LEVEL = "-Onone";
			};
			name = Debug;
		};
		A2CD0413232C689D00DC500C /* Release */ = {
			isa = XCBuildConfiguration;
			buildSettings = {
				ALWAYS_SEARCH_USER_PATHS = NO;
				CLANG_ANALYZER_NONNULL = YES;
				CLANG_ANALYZER_NUMBER_OBJECT_CONVERSION = YES_AGGRESSIVE;
				CLANG_CXX_LANGUAGE_STANDARD = "gnu++14";
				CLANG_CXX_LIBRARY = "libc++";
				CLANG_ENABLE_MODULES = YES;
				CLANG_ENABLE_OBJC_ARC = YES;
				CLANG_ENABLE_OBJC_WEAK = YES;
				CLANG_WARN_BLOCK_CAPTURE_AUTORELEASING = YES;
				CLANG_WARN_BOOL_CONVERSION = YES;
				CLANG_WARN_COMMA = YES;
				CLANG_WARN_CONSTANT_CONVERSION = YES;
				CLANG_WARN_DEPRECATED_OBJC_IMPLEMENTATIONS = YES;
				CLANG_WARN_DIRECT_OBJC_ISA_USAGE = YES_ERROR;
				CLANG_WARN_DOCUMENTATION_COMMENTS = YES;
				CLANG_WARN_EMPTY_BODY = YES;
				CLANG_WARN_ENUM_CONVERSION = YES;
				CLANG_WARN_INFINITE_RECURSION = YES;
				CLANG_WARN_INT_CONVERSION = YES;
				CLANG_WARN_NON_LITERAL_NULL_CONVERSION = YES;
				CLANG_WARN_OBJC_IMPLICIT_RETAIN_SELF = YES;
				CLANG_WARN_OBJC_LITERAL_CONVERSION = YES;
				CLANG_WARN_OBJC_ROOT_CLASS = YES_ERROR;
				CLANG_WARN_RANGE_LOOP_ANALYSIS = YES;
				CLANG_WARN_STRICT_PROTOTYPES = YES;
				CLANG_WARN_SUSPICIOUS_MOVE = YES;
				CLANG_WARN_UNGUARDED_AVAILABILITY = YES_AGGRESSIVE;
				CLANG_WARN_UNREACHABLE_CODE = YES;
				CLANG_WARN__DUPLICATE_METHOD_MATCH = YES;
				CODE_SIGN_IDENTITY = "iPhone Developer";
				COPY_PHASE_STRIP = NO;
				DEBUG_INFORMATION_FORMAT = "dwarf-with-dsym";
				ENABLE_NS_ASSERTIONS = NO;
				ENABLE_STRICT_OBJC_MSGSEND = YES;
				GCC_C_LANGUAGE_STANDARD = gnu11;
				GCC_NO_COMMON_BLOCKS = YES;
				GCC_WARN_64_TO_32_BIT_CONVERSION = YES;
				GCC_WARN_ABOUT_RETURN_TYPE = YES_ERROR;
				GCC_WARN_UNDECLARED_SELECTOR = YES;
				GCC_WARN_UNINITIALIZED_AUTOS = YES_AGGRESSIVE;
				GCC_WARN_UNUSED_FUNCTION = YES;
				GCC_WARN_UNUSED_VARIABLE = YES;
				IPHONEOS_DEPLOYMENT_TARGET = 12.4;
				MTL_ENABLE_DEBUG_INFO = NO;
				MTL_FAST_MATH = YES;
				SDKROOT = iphoneos;
				SWIFT_COMPILATION_MODE = wholemodule;
				SWIFT_OPTIMIZATION_LEVEL = "-O";
				VALIDATE_PRODUCT = YES;
			};
			name = Release;
		};
		A2CD0415232C689D00DC500C /* Debug */ = {
			isa = XCBuildConfiguration;
			buildSettings = {
				ASSETCATALOG_COMPILER_APPICON_NAME = AppIcon;
				CODE_SIGN_STYLE = Automatic;
				INFOPLIST_FILE = SoundEffects/Info.plist;
				LD_RUNPATH_SEARCH_PATHS = (
					"$(inherited)",
					"@executable_path/Frameworks",
				);
				PRODUCT_BUNDLE_IDENTIFIER = IOS.SoundEffects;
				PRODUCT_NAME = "$(TARGET_NAME)";
				SWIFT_VERSION = 5.0;
				TARGETED_DEVICE_FAMILY = "1,2";
			};
			name = Debug;
		};
		A2CD0416232C689D00DC500C /* Release */ = {
			isa = XCBuildConfiguration;
			buildSettings = {
				ASSETCATALOG_COMPILER_APPICON_NAME = AppIcon;
				CODE_SIGN_STYLE = Automatic;
				INFOPLIST_FILE = SoundEffects/Info.plist;
				LD_RUNPATH_SEARCH_PATHS = (
					"$(inherited)",
					"@executable_path/Frameworks",
				);
				PRODUCT_BUNDLE_IDENTIFIER = IOS.SoundEffects;
				PRODUCT_NAME = "$(TARGET_NAME)";
				SWIFT_VERSION = 5.0;
				TARGETED_DEVICE_FAMILY = "1,2";
			};
			name = Release;
		};
/* End XCBuildConfiguration section */

/* Begin XCConfigurationList section */
		A2CD03FD232C688900DC500C /* Build configuration list for PBXProject "SoundEffects" */ = {
			isa = XCConfigurationList;
			buildConfigurations = (
				A2CD0412232C689D00DC500C /* Debug */,
				A2CD0413232C689D00DC500C /* Release */,
			);
			defaultConfigurationIsVisible = 0;
			defaultConfigurationName = Release;
		};
		A2CD0414232C689D00DC500C /* Build configuration list for PBXNativeTarget "SoundEffects" */ = {
			isa = XCConfigurationList;
			buildConfigurations = (
				A2CD0415232C689D00DC500C /* Debug */,
				A2CD0416232C689D00DC500C /* Release */,
			);
			defaultConfigurationIsVisible = 0;
			defaultConfigurationName = Release;
		};
/* End XCConfigurationList section */
	};
	rootObject = A2CD03FA232C688900DC500C /* Project object */;
}
